# This file is autogenerated, do not edit; changes may be undone by the next 'dep ensure'.


[[projects]]
  name = "github.com/google/gopacket"
  packages = ["."]
  revision = "11c65f1ca9081dfea43b4f9643f5c155583b73ba"
  version = "v1.1.14"

[solve-meta]
  analyzer-name = "dep"
  analyzer-version = 1
  inputs-digest = "b8b6a3416808b75a9fa67b43ae8c3c5d0a817125ec42264f257c84766d436a2b"
  solver-name = "gps-cdcl"
  solver-version = 1
